
Microsoft Visual Studio Solution File, Format Version 12.00
# Visual Studio 15
VisualStudioVersion = 15.0.27703.2035
MinimumVisualStudioVersion = 10.0.40219.1
Project("{FAE04EC0-301F-11D3-BF4B-00C04F79EFBC}") = "OnAccountInactiveDeleteAssociatedRecords", "DeleteARecord\OnAccountInactiveDeleteAssociatedRecords.csproj", "{3258C297-1038-4CFB-983B-DF13CB775FC3}"
EndProject
Global
	GlobalSection(SolutionConfigurationPlatforms) = preSolution
		Debug|Any CPU = Debug|Any CPU
		Release|Any CPU = Release|Any CPU
	EndGlobalSection
	GlobalSection(ProjectConfigurationPlatforms) = postSolution
		{3258C297-1038-4CFB-983B-DF13CB775FC3}.Debug|Any CPU.ActiveCfg = Debug|Any CPU
		{3258C297-1038-4CFB-983B-DF13CB775FC3}.Debug|Any CPU.Build.0 = Debug|Any CPU
		{3258C297-1038-4CFB-983B-DF13CB775FC3}.Release|Any CPU.ActiveCfg = Release|Any CPU
		{3258C297-1038-4CFB-983B-DF13CB775FC3}.Release|Any CPU.Build.0 = Release|Any CPU
	EndGlobalSection
	GlobalSection(SolutionProperties) = preSolution
		HideSolutionNode = FALSE
	EndGlobalSection
	GlobalSection(ExtensibilityGlobals) = postSolution
		SolutionGuid = {0431B13B-68A1-4F38-97C3-7A6DA7C54A5D}
	EndGlobalSection
EndGlobal
